
Microsoft Visual Studio Solution File, Format Version 12.00
# Visual Studio Version 17
VisualStudioVersion = 17.9.34728.123
MinimumVisualStudioVersion = 10.0.40219.1
Project("{FAE04EC0-301F-11D3-BF4B-00C04F79EFBC}") = "MultiUserBank_Holloman_Project", "MultiUserBank_Holloman_Project\MultiUserBank_Holloman_Project.csproj", "{0409B12D-EB7F-4B55-A39C-9591F1ED4839}"
EndProject
Global
	GlobalSection(SolutionConfigurationPlatforms) = preSolution
		Debug|Any CPU = Debug|Any CPU
		Release|Any CPU = Release|Any CPU
	EndGlobalSection
	GlobalSection(ProjectConfigurationPlatforms) = postSolution
		{0409B12D-EB7F-4B55-A39C-9591F1ED4839}.Debug|Any CPU.ActiveCfg = Debug|Any CPU
		{0409B12D-EB7F-4B55-A39C-9591F1ED4839}.Debug|Any CPU.Build.0 = Debug|Any CPU
		{0409B12D-EB7F-4B55-A39C-9591F1ED4839}.Release|Any CPU.ActiveCfg = Release|Any CPU
		{0409B12D-EB7F-4B55-A39C-9591F1ED4839}.Release|Any CPU.Build.0 = Release|Any CPU
	EndGlobalSection
	GlobalSection(SolutionProperties) = preSolution
		HideSolutionNode = FALSE
	EndGlobalSection
	GlobalSection(ExtensibilityGlobals) = postSolution
		SolutionGuid = {DD390EA7-ECF5-415E-8C05-D15AD114C33B}
	EndGlobalSection
EndGlobal
